
Microsoft Visual Studio Solution File, Format Version 12.00
# Visual Studio 15
VisualStudioVersion = 15.0.27428.2037
MinimumVisualStudioVersion = 10.0.40219.1
Project("{FAE04EC0-301F-11D3-BF4B-00C04F79EFBC}") = "Test-HFTF-AI", "Test-HFTF-AI\Test-HFTF-AI.csproj", "{F18A4827-9AC1-4D1A-95B5-C1F61F41C518}"
EndProject
Global
	GlobalSection(SolutionConfigurationPlatforms) = preSolution
		Debug|Any CPU = Debug|Any CPU
		Release|Any CPU = Release|Any CPU
	EndGlobalSection
	GlobalSection(ProjectConfigurationPlatforms) = postSolution
		{F18A4827-9AC1-4D1A-95B5-C1F61F41C518}.Debug|Any CPU.ActiveCfg = Debug|Any CPU
		{F18A4827-9AC1-4D1A-95B5-C1F61F41C518}.Debug|Any CPU.Build.0 = Debug|Any CPU
		{F18A4827-9AC1-4D1A-95B5-C1F61F41C518}.Release|Any CPU.ActiveCfg = Release|Any CPU
		{F18A4827-9AC1-4D1A-95B5-C1F61F41C518}.Release|Any CPU.Build.0 = Release|Any CPU
	EndGlobalSection
	GlobalSection(SolutionProperties) = preSolution
		HideSolutionNode = FALSE
	EndGlobalSection
	GlobalSection(ExtensibilityGlobals) = postSolution
		SolutionGuid = {BE50B5A3-818F-436D-AA3D-6054D297FE8E}
	EndGlobalSection
EndGlobal
