
Microsoft Visual Studio Solution File, Format Version 12.00
# Visual Studio 2012
Project("{FAE04EC0-301F-11D3-BF4B-00C04F79EFBC}") = "Read_Pixel_Data", "Read_Pixel_Data\Read_Pixel_Data.csproj", "{335F332F-DB04-4DD3-BAC5-141DAAD92AEB}"
EndProject
Global
	GlobalSection(SolutionConfigurationPlatforms) = preSolution
		Debug|x86 = Debug|x86
		Release|x86 = Release|x86
	EndGlobalSection
	GlobalSection(ProjectConfigurationPlatforms) = postSolution
		{335F332F-DB04-4DD3-BAC5-141DAAD92AEB}.Debug|x86.ActiveCfg = Debug|x86
		{335F332F-DB04-4DD3-BAC5-141DAAD92AEB}.Debug|x86.Build.0 = Debug|x86
		{335F332F-DB04-4DD3-BAC5-141DAAD92AEB}.Release|x86.ActiveCfg = Release|x86
		{335F332F-DB04-4DD3-BAC5-141DAAD92AEB}.Release|x86.Build.0 = Release|x86
	EndGlobalSection
EndGlobal
